
Microsoft Visual Studio Solution File, Format Version 12.00
# Visual Studio Version 16
VisualStudioVersion = 16.0.30523.141
MinimumVisualStudioVersion = 10.0.40219.1
Project("{8BC9CEB8-8B4A-11D0-8D11-00A0C91BC942}") = "PR 7.2.2", "PR 7.2.2\PR 7.2.2.vcxproj", "{522018FF-E011-4104-BE62-63436624D0E7}"
EndProject
Global
	GlobalSection(SolutionConfigurationPlatforms) = preSolution
		Debug|x64 = Debug|x64
		Debug|x86 = Debug|x86
		Release|x64 = Release|x64
		Release|x86 = Release|x86
	EndGlobalSection
	GlobalSection(ProjectConfigurationPlatforms) = postSolution
		{522018FF-E011-4104-BE62-63436624D0E7}.Debug|x64.ActiveCfg = Debug|x64
		{522018FF-E011-4104-BE62-63436624D0E7}.Debug|x64.Build.0 = Debug|x64
		{522018FF-E011-4104-BE62-63436624D0E7}.Debug|x86.ActiveCfg = Debug|Win32
		{522018FF-E011-4104-BE62-63436624D0E7}.Debug|x86.Build.0 = Debug|Win32
		{522018FF-E011-4104-BE62-63436624D0E7}.Release|x64.ActiveCfg = Release|x64
		{522018FF-E011-4104-BE62-63436624D0E7}.Release|x64.Build.0 = Release|x64
		{522018FF-E011-4104-BE62-63436624D0E7}.Release|x86.ActiveCfg = Release|Win32
		{522018FF-E011-4104-BE62-63436624D0E7}.Release|x86.Build.0 = Release|Win32
	EndGlobalSection
	GlobalSection(SolutionProperties) = preSolution
		HideSolutionNode = FALSE
	EndGlobalSection
	GlobalSection(ExtensibilityGlobals) = postSolution
		SolutionGuid = {AB6EBF0A-6D42-41D0-AF7E-0F6603B26BB8}
	EndGlobalSection
EndGlobal
